// !$*UTF8*$!
{
	archiveVersion = 1;
	classes = {
	};
	objectVersion = 56;
	objects = {

/* Begin PBXBuildFile section */
		0930AAA32D239A2100CEABB4 /* RecipeViewModel.swift in Sources */ = {isa = PBXBuildFile; fileRef = 0930AAA22D239A2100CEABB4 /* RecipeViewModel.swift */; };
		0956579E2D39323F0006F73B /* RecipeCollectionViewCell.swift in Sources */ = {isa = PBXBuildFile; fileRef = 0956579D2D39323F0006F73B /* RecipeCollectionViewCell.swift */; };
		095657A02D3957AF0006F73B /* YouTubeView.swift in Sources */ = {isa = PBXBuildFile; fileRef = 0956579F2D3957AF0006F73B /* YouTubeView.swift */; };
		095657A22D3957BE0006F73B /* YouTubeViewController.swift in Sources */ = {isa = PBXBuildFile; fileRef = 095657A12D3957BE0006F73B /* YouTubeViewController.swift */; };
		095657A42D395D100006F73B /* youTubeVideo.json in Resources */ = {isa = PBXBuildFile; fileRef = 095657A32D395D100006F73B /* youTubeVideo.json */; };
		095657A72D395D630006F73B /* YoutubeViewModel.swift in Sources */ = {isa = PBXBuildFile; fileRef = 095657A62D395D630006F73B /* YoutubeViewModel.swift */; };
		095657A92D395D690006F73B /* YouTubeVideo.swift in Sources */ = {isa = PBXBuildFile; fileRef = 095657A82D395D690006F73B /* YouTubeVideo.swift */; };
		095657AC2D395F7A0006F73B /* YouTubeCell.swift in Sources */ = {isa = PBXBuildFile; fileRef = 095657AB2D395F7A0006F73B /* YouTubeCell.swift */; };
		095B5E152D22825F00FCEF62 /* Poppins-Medium.ttf in Resources */ = {isa = PBXBuildFile; fileRef = 095B5E132D22825F00FCEF62 /* Poppins-Medium.ttf */; };
		095B5E162D22825F00FCEF62 /* Poppins-Light.ttf in Resources */ = {isa = PBXBuildFile; fileRef = 095B5E142D22825F00FCEF62 /* Poppins-Light.ttf */; };
		095B5E182D22827900FCEF62 /* Poppins-Regular.ttf in Resources */ = {isa = PBXBuildFile; fileRef = 095B5E172D22827900FCEF62 /* Poppins-Regular.ttf */; };
		095B5E1D2D2282E000FCEF62 /* Extension+UIColor.swift in Sources */ = {isa = PBXBuildFile; fileRef = 095B5E1B2D2282E000FCEF62 /* Extension+UIColor.swift */; };
		095B5E1E2D2282E000FCEF62 /* Extension+UIFont.swift in Sources */ = {isa = PBXBuildFile; fileRef = 095B5E1C2D2282E000FCEF62 /* Extension+UIFont.swift */; };
		095B5E202D2282FD00FCEF62 /* DiEatTabBar.swift in Sources */ = {isa = PBXBuildFile; fileRef = 095B5E1F2D2282FD00FCEF62 /* DiEatTabBar.swift */; };
		095B5E222D22836F00FCEF62 /* DiEatTabBarController.swift in Sources */ = {isa = PBXBuildFile; fileRef = 095B5E212D22836F00FCEF62 /* DiEatTabBarController.swift */; };
		095B5E242D22838900FCEF62 /* BaseView.swift in Sources */ = {isa = PBXBuildFile; fileRef = 095B5E232D22838900FCEF62 /* BaseView.swift */; };
		095B5E262D2283D000FCEF62 /* RecipeView.swift in Sources */ = {isa = PBXBuildFile; fileRef = 095B5E252D2283D000FCEF62 /* RecipeView.swift */; };
		095B5E292D2283FE00FCEF62 /* SnapKit in Frameworks */ = {isa = PBXBuildFile; productRef = 095B5E282D2283FE00FCEF62 /* SnapKit */; };
		095B5E2D2D22A6AA00FCEF62 /* DiEatChartView.swift in Sources */ = {isa = PBXBuildFile; fileRef = 095B5E2C2D22A6AA00FCEF62 /* DiEatChartView.swift */; };
		095B5E2F2D22A8ED00FCEF62 /* DiEatSwitchButton.swift in Sources */ = {isa = PBXBuildFile; fileRef = 095B5E2E2D22A8ED00FCEF62 /* DiEatSwitchButton.swift */; };
		095B5E322D22B28000FCEF62 /* DGCharts in Frameworks */ = {isa = PBXBuildFile; productRef = 095B5E312D22B28000FCEF62 /* DGCharts */; };
		095B5E352D22BEC900FCEF62 /* RecipeCell.swift in Sources */ = {isa = PBXBuildFile; fileRef = 095B5E342D22BEC800FCEF62 /* RecipeCell.swift */; };
		096ED8122D2339A400D5C8B8 /* DietRecipeRepository.swift in Sources */ = {isa = PBXBuildFile; fileRef = 096ED8112D2339A400D5C8B8 /* DietRecipeRepository.swift */; };
		096F81CB2D329F2300D50F49 /* dietRecipe.json in Resources */ = {isa = PBXBuildFile; fileRef = 096F81CA2D329F2300D50F49 /* dietRecipe.json */; };
		096F81CE2D32ADFC00D50F49 /* CalorieView.swift in Sources */ = {isa = PBXBuildFile; fileRef = 096F81CD2D32ADFC00D50F49 /* CalorieView.swift */; };
		096F81D02D32AE1000D50F49 /* CalorieViewController.swift in Sources */ = {isa = PBXBuildFile; fileRef = 096F81CF2D32AE1000D50F49 /* CalorieViewController.swift */; };
		096F81D62D38DEB500D50F49 /* Kingfisher in Frameworks */ = {isa = PBXBuildFile; productRef = 096F81D52D38DEB500D50F49 /* Kingfisher */; };
		097425DF2D23BF16000C998A /* Extension+Date.swift in Sources */ = {isa = PBXBuildFile; fileRef = 097425DE2D23BF16000C998A /* Extension+Date.swift */; };
		097425E12D23C2C4000C998A /* Recipe.swift in Sources */ = {isa = PBXBuildFile; fileRef = 097425E02D23C2C4000C998A /* Recipe.swift */; };
		097425F72D23DC54000C998A /* DGCharts in Frameworks */ = {isa = PBXBuildFile; productRef = 097425F62D23DC54000C998A /* DGCharts */; };
		097425F92D243093000C998A /* Extension+Array.swift in Sources */ = {isa = PBXBuildFile; fileRef = 097425F82D243093000C998A /* Extension+Array.swift */; };
		0984CC782D232236006F7957 /* BaseViewController.swift in Sources */ = {isa = PBXBuildFile; fileRef = 0984CC772D232236006F7957 /* BaseViewController.swift */; };
		09B48D662D22D97900A12C72 /* Extension+UIControl.swift in Sources */ = {isa = PBXBuildFile; fileRef = 09B48D652D22D97900A12C72 /* Extension+UIControl.swift */; };
		09DC5D122D245C1000B54A04 /* DelightToastView.swift in Sources */ = {isa = PBXBuildFile; fileRef = 09DC5D112D245C1000B54A04 /* DelightToastView.swift */; };
		09EDE0FB2D22CCB400AD7149 /* Poppins-Bold.ttf in Resources */ = {isa = PBXBuildFile; fileRef = 09EDE0FA2D22CCB300AD7149 /* Poppins-Bold.ttf */; };
		09EDE0FD2D22D09900AD7149 /* Extension+UIButton.swift in Sources */ = {isa = PBXBuildFile; fileRef = 09EDE0FC2D22D09900AD7149 /* Extension+UIButton.swift */; };
		09F3C4FF2D225A1F002D532F /* AppDelegate.swift in Sources */ = {isa = PBXBuildFile; fileRef = 09F3C4FE2D225A1F002D532F /* AppDelegate.swift */; };
		09F3C5032D225A1F002D532F /* RecipeViewController.swift in Sources */ = {isa = PBXBuildFile; fileRef = 09F3C5022D225A1F002D532F /* RecipeViewController.swift */; };
		09F3C5082D225A20002D532F /* Assets.xcassets in Resources */ = {isa = PBXBuildFile; fileRef = 09F3C5072D225A20002D532F /* Assets.xcassets */; };
		09F3C50B2D225A20002D532F /* Base in Resources */ = {isa = PBXBuildFile; fileRef = 09F3C50A2D225A20002D532F /* Base */; };
		09F3C5162D225A21002D532F /* Di_EatTests.swift in Sources */ = {isa = PBXBuildFile; fileRef = 09F3C5152D225A21002D532F /* Di_EatTests.swift */; };
		09F3C5202D225A21002D532F /* Di_EatUITests.swift in Sources */ = {isa = PBXBuildFile; fileRef = 09F3C51F2D225A21002D532F /* Di_EatUITests.swift */; };
		09F3C5222D225A21002D532F /* Di_EatUITestsLaunchTests.swift in Sources */ = {isa = PBXBuildFile; fileRef = 09F3C5212D225A21002D532F /* Di_EatUITestsLaunchTests.swift */; };
/* End PBXBuildFile section */

/* Begin PBXContainerItemProxy section */
		09F3C5122D225A21002D532F /* PBXContainerItemProxy */ = {
			isa = PBXContainerItemProxy;
			containerPortal = 09F3C4F32D225A1F002D532F /* Project object */;
			proxyType = 1;
			remoteGlobalIDString = 09F3C4FA2D225A1F002D532F;
			remoteInfo = DELIGHT_iOS;
		};
		09F3C51C2D225A21002D532F /* PBXContainerItemProxy */ = {
			isa = PBXContainerItemProxy;
			containerPortal = 09F3C4F32D225A1F002D532F /* Project object */;
			proxyType = 1;
			remoteGlobalIDString = 09F3C4FA2D225A1F002D532F;
			remoteInfo = DELIGHT_iOS;
		};
/* End PBXContainerItemProxy section */

/* Begin PBXFileReference section */
		0930AAA22D239A2100CEABB4 /* RecipeViewModel.swift */ = {isa = PBXFileReference; lastKnownFileType = sourcecode.swift; path = RecipeViewModel.swift; sourceTree = "<group>"; };
		0956579D2D39323F0006F73B /* RecipeCollectionViewCell.swift */ = {isa = PBXFileReference; lastKnownFileType = sourcecode.swift; path = RecipeCollectionViewCell.swift; sourceTree = "<group>"; };
		0956579F2D3957AF0006F73B /* YouTubeView.swift */ = {isa = PBXFileReference; lastKnownFileType = sourcecode.swift; path = YouTubeView.swift; sourceTree = "<group>"; };
		095657A12D3957BE0006F73B /* YouTubeViewController.swift */ = {isa = PBXFileReference; lastKnownFileType = sourcecode.swift; path = YouTubeViewController.swift; sourceTree = "<group>"; };
		095657A32D395D100006F73B /* youTubeVideo.json */ = {isa = PBXFileReference; fileEncoding = 4; lastKnownFileType = text.json; path = youTubeVideo.json; sourceTree = "<group>"; };
		095657A62D395D630006F73B /* YoutubeViewModel.swift */ = {isa = PBXFileReference; lastKnownFileType = sourcecode.swift; path = YoutubeViewModel.swift; sourceTree = "<group>"; };
		095657A82D395D690006F73B /* YouTubeVideo.swift */ = {isa = PBXFileReference; lastKnownFileType = sourcecode.swift; path = YouTubeVideo.swift; sourceTree = "<group>"; };
		095657AB2D395F7A0006F73B /* YouTubeCell.swift */ = {isa = PBXFileReference; lastKnownFileType = sourcecode.swift; path = YouTubeCell.swift; sourceTree = "<group>"; };
		095B5E132D22825F00FCEF62 /* Poppins-Medium.ttf */ = {isa = PBXFileReference; lastKnownFileType = file; path = "Poppins-Medium.ttf"; sourceTree = "<group>"; };
		095B5E142D22825F00FCEF62 /* Poppins-Light.ttf */ = {isa = PBXFileReference; lastKnownFileType = file; path = "Poppins-Light.ttf"; sourceTree = "<group>"; };
		095B5E172D22827900FCEF62 /* Poppins-Regular.ttf */ = {isa = PBXFileReference; lastKnownFileType = file; path = "Poppins-Regular.ttf"; sourceTree = "<group>"; };
		095B5E1B2D2282E000FCEF62 /* Extension+UIColor.swift */ = {isa = PBXFileReference; fileEncoding = 4; lastKnownFileType = sourcecode.swift; path = "Extension+UIColor.swift"; sourceTree = "<group>"; };
		095B5E1C2D2282E000FCEF62 /* Extension+UIFont.swift */ = {isa = PBXFileReference; fileEncoding = 4; lastKnownFileType = sourcecode.swift; path = "Extension+UIFont.swift"; sourceTree = "<group>"; };
		095B5E1F2D2282FD00FCEF62 /* DiEatTabBar.swift */ = {isa = PBXFileReference; fileEncoding = 4; lastKnownFileType = sourcecode.swift; path = DiEatTabBar.swift; sourceTree = "<group>"; };
		095B5E212D22836F00FCEF62 /* DiEatTabBarController.swift */ = {isa = PBXFileReference; lastKnownFileType = sourcecode.swift; path = DiEatTabBarController.swift; sourceTree = "<group>"; };
		095B5E232D22838900FCEF62 /* BaseView.swift */ = {isa = PBXFileReference; lastKnownFileType = sourcecode.swift; path = BaseView.swift; sourceTree = "<group>"; };
		095B5E252D2283D000FCEF62 /* RecipeView.swift */ = {isa = PBXFileReference; lastKnownFileType = sourcecode.swift; path = RecipeView.swift; sourceTree = "<group>"; };
		095B5E2C2D22A6AA00FCEF62 /* DiEatChartView.swift */ = {isa = PBXFileReference; lastKnownFileType = sourcecode.swift; path = DiEatChartView.swift; sourceTree = "<group>"; };
		095B5E2E2D22A8ED00FCEF62 /* DiEatSwitchButton.swift */ = {isa = PBXFileReference; lastKnownFileType = sourcecode.swift; path = DiEatSwitchButton.swift; sourceTree = "<group>"; };
		095B5E342D22BEC800FCEF62 /* RecipeCell.swift */ = {isa = PBXFileReference; lastKnownFileType = sourcecode.swift; path = RecipeCell.swift; sourceTree = "<group>"; };
		096ED8112D2339A400D5C8B8 /* DietRecipeRepository.swift */ = {isa = PBXFileReference; lastKnownFileType = sourcecode.swift; path = DietRecipeRepository.swift; sourceTree = "<group>"; };
		096F81CA2D329F2300D50F49 /* dietRecipe.json */ = {isa = PBXFileReference; fileEncoding = 4; lastKnownFileType = text.json; path = dietRecipe.json; sourceTree = "<group>"; };
		096F81CD2D32ADFC00D50F49 /* CalorieView.swift */ = {isa = PBXFileReference; lastKnownFileType = sourcecode.swift; path = CalorieView.swift; sourceTree = "<group>"; };
		096F81CF2D32AE1000D50F49 /* CalorieViewController.swift */ = {isa = PBXFileReference; lastKnownFileType = sourcecode.swift; path = CalorieViewController.swift; sourceTree = "<group>"; };
		097425DE2D23BF16000C998A /* Extension+Date.swift */ = {isa = PBXFileReference; lastKnownFileType = sourcecode.swift; path = "Extension+Date.swift"; sourceTree = "<group>"; };
		097425E02D23C2C4000C998A /* Recipe.swift */ = {isa = PBXFileReference; lastKnownFileType = sourcecode.swift; path = Recipe.swift; sourceTree = "<group>"; };
		097425F82D243093000C998A /* Extension+Array.swift */ = {isa = PBXFileReference; lastKnownFileType = sourcecode.swift; path = "Extension+Array.swift"; sourceTree = "<group>"; };
		0984CC772D232236006F7957 /* BaseViewController.swift */ = {isa = PBXFileReference; lastKnownFileType = sourcecode.swift; path = BaseViewController.swift; sourceTree = "<group>"; };
		09B48D652D22D97900A12C72 /* Extension+UIControl.swift */ = {isa = PBXFileReference; lastKnownFileType = sourcecode.swift; path = "Extension+UIControl.swift"; sourceTree = "<group>"; };
		09DC5D112D245C1000B54A04 /* DelightToastView.swift */ = {isa = PBXFileReference; lastKnownFileType = sourcecode.swift; path = DelightToastView.swift; sourceTree = "<group>"; };
		09EDE0FA2D22CCB300AD7149 /* Poppins-Bold.ttf */ = {isa = PBXFileReference; lastKnownFileType = file; path = "Poppins-Bold.ttf"; sourceTree = "<group>"; };
		09EDE0FC2D22D09900AD7149 /* Extension+UIButton.swift */ = {isa = PBXFileReference; lastKnownFileType = sourcecode.swift; path = "Extension+UIButton.swift"; sourceTree = "<group>"; };
		09F3C4FB2D225A1F002D532F /* Di-Eat.app */ = {isa = PBXFileReference; explicitFileType = wrapper.application; includeInIndex = 0; path = "Di-Eat.app"; sourceTree = BUILT_PRODUCTS_DIR; };
		09F3C4FE2D225A1F002D532F /* AppDelegate.swift */ = {isa = PBXFileReference; lastKnownFileType = sourcecode.swift; path = AppDelegate.swift; sourceTree = "<group>"; };
		09F3C5022D225A1F002D532F /* RecipeViewController.swift */ = {isa = PBXFileReference; lastKnownFileType = sourcecode.swift; path = RecipeViewController.swift; sourceTree = "<group>"; };
		09F3C5072D225A20002D532F /* Assets.xcassets */ = {isa = PBXFileReference; lastKnownFileType = folder.assetcatalog; path = Assets.xcassets; sourceTree = "<group>"; };
		09F3C50A2D225A20002D532F /* Base */ = {isa = PBXFileReference; lastKnownFileType = file.storyboard; name = Base; path = Base.lproj/LaunchScreen.storyboard; sourceTree = "<group>"; };
		09F3C50C2D225A20002D532F /* Info.plist */ = {isa = PBXFileReference; lastKnownFileType = text.plist.xml; path = Info.plist; sourceTree = "<group>"; };
		09F3C5112D225A21002D532F /* Di-EatTests.xctest */ = {isa = PBXFileReference; explicitFileType = wrapper.cfbundle; includeInIndex = 0; path = "Di-EatTests.xctest"; sourceTree = BUILT_PRODUCTS_DIR; };
		09F3C5152D225A21002D532F /* Di_EatTests.swift */ = {isa = PBXFileReference; lastKnownFileType = sourcecode.swift; path = Di_EatTests.swift; sourceTree = "<group>"; };
		09F3C51B2D225A21002D532F /* Di-EatUITests.xctest */ = {isa = PBXFileReference; explicitFileType = wrapper.cfbundle; includeInIndex = 0; path = "Di-EatUITests.xctest"; sourceTree = BUILT_PRODUCTS_DIR; };
		09F3C51F2D225A21002D532F /* Di_EatUITests.swift */ = {isa = PBXFileReference; lastKnownFileType = sourcecode.swift; path = Di_EatUITests.swift; sourceTree = "<group>"; };
		09F3C5212D225A21002D532F /* Di_EatUITestsLaunchTests.swift */ = {isa = PBXFileReference; lastKnownFileType = sourcecode.swift; path = Di_EatUITestsLaunchTests.swift; sourceTree = "<group>"; };
/* End PBXFileReference section */

/* Begin PBXFrameworksBuildPhase section */
		09F3C4F82D225A1F002D532F /* Frameworks */ = {
			isa = PBXFrameworksBuildPhase;
			buildActionMask = 2147483647;
			files = (
				096F81D62D38DEB500D50F49 /* Kingfisher in Frameworks */,
				095B5E322D22B28000FCEF62 /* DGCharts in Frameworks */,
				095B5E292D2283FE00FCEF62 /* SnapKit in Frameworks */,
			);
			runOnlyForDeploymentPostprocessing = 0;
		};
		09F3C50E2D225A21002D532F /* Frameworks */ = {
			isa = PBXFrameworksBuildPhase;
			buildActionMask = 2147483647;
			files = (
				097425F72D23DC54000C998A /* DGCharts in Frameworks */,
			);
			runOnlyForDeploymentPostprocessing = 0;
		};
		09F3C5182D225A21002D532F /* Frameworks */ = {
			isa = PBXFrameworksBuildPhase;
			buildActionMask = 2147483647;
			files = (
			);
			runOnlyForDeploymentPostprocessing = 0;
		};
/* End PBXFrameworksBuildPhase section */

/* Begin PBXGroup section */
		095657A52D395D2A0006F73B /* YouTube */ = {
			isa = PBXGroup;
			children = (
				095657A62D395D630006F73B /* YoutubeViewModel.swift */,
				095657A82D395D690006F73B /* YouTubeVideo.swift */,
			);
			path = YouTube;
			sourceTree = "<group>";
		};
		095657AA2D395F650006F73B /* Cell */ = {
			isa = PBXGroup;
			children = (
				095657AB2D395F7A0006F73B /* YouTubeCell.swift */,
			);
			path = Cell;
			sourceTree = "<group>";
		};
		095B5E0D2D2281EF00FCEF62 /* UIComponents */ = {
			isa = PBXGroup;
			children = (
				095B5E122D22824C00FCEF62 /* Fonts */,
				095B5E2C2D22A6AA00FCEF62 /* DiEatChartView.swift */,
				095B5E2E2D22A8ED00FCEF62 /* DiEatSwitchButton.swift */,
				09DC5D112D245C1000B54A04 /* DelightToastView.swift */,
			);
			path = UIComponents;
			sourceTree = "<group>";
		};
		095B5E0E2D2281F200FCEF62 /* Sence */ = {
			isa = PBXGroup;
			children = (
				09F3C4FE2D225A1F002D532F /* AppDelegate.swift */,
				095B5E192D22828B00FCEF62 /* TabBar & Base */,
				09DC5D132D24674000B54A04 /* Base */,
				096F81CC2D32ADB600D50F49 /* Calorie */,
				095B5E1A2D22829600FCEF62 /* Recipe */,
				096F81D12D38DBDB00D50F49 /* YouTube */,
			);
			path = Sence;
			sourceTree = "<group>";
		};
		095B5E0F2D2281F500FCEF62 /* Model */ = {
			isa = PBXGroup;
			children = (
				09CE04BC2D239EDC0056B1CB /* Recipe */,
				095657A52D395D2A0006F73B /* YouTube */,
			);
			path = Model;
			sourceTree = "<group>";
		};
		095B5E102D2281F800FCEF62 /* API+Repository */ = {
			isa = PBXGroup;
			children = (
				0984CC7F2D23387B006F7957 /* Json */,
				096ED8112D2339A400D5C8B8 /* DietRecipeRepository.swift */,
			);
			path = "API+Repository";
			sourceTree = "<group>";
		};
		095B5E112D22823000FCEF62 /* Extensions */ = {
			isa = PBXGroup;
			children = (
				095B5E1B2D2282E000FCEF62 /* Extension+UIColor.swift */,
				095B5E1C2D2282E000FCEF62 /* Extension+UIFont.swift */,
				09EDE0FC2D22D09900AD7149 /* Extension+UIButton.swift */,
				09B48D652D22D97900A12C72 /* Extension+UIControl.swift */,
				097425DE2D23BF16000C998A /* Extension+Date.swift */,
				097425F82D243093000C998A /* Extension+Array.swift */,
			);
			path = Extensions;
			sourceTree = "<group>";
		};
		095B5E122D22824C00FCEF62 /* Fonts */ = {
			isa = PBXGroup;
			children = (
				09EDE0FA2D22CCB300AD7149 /* Poppins-Bold.ttf */,
				095B5E172D22827900FCEF62 /* Poppins-Regular.ttf */,
				095B5E142D22825F00FCEF62 /* Poppins-Light.ttf */,
				095B5E132D22825F00FCEF62 /* Poppins-Medium.ttf */,
			);
			path = Fonts;
			sourceTree = "<group>";
		};
		095B5E192D22828B00FCEF62 /* TabBar & Base */ = {
			isa = PBXGroup;
			children = (
				095B5E1F2D2282FD00FCEF62 /* DiEatTabBar.swift */,
				095B5E212D22836F00FCEF62 /* DiEatTabBarController.swift */,
			);
			path = "TabBar & Base";
			sourceTree = "<group>";
		};
		095B5E1A2D22829600FCEF62 /* Recipe */ = {
			isa = PBXGroup;
			children = (
				095B5E332D22BE8B00FCEF62 /* Cell */,
				095B5E252D2283D000FCEF62 /* RecipeView.swift */,
				09F3C5022D225A1F002D532F /* RecipeViewController.swift */,
			);
			path = Recipe;
			sourceTree = "<group>";
		};
		095B5E332D22BE8B00FCEF62 /* Cell */ = {
			isa = PBXGroup;
			children = (
				095B5E342D22BEC800FCEF62 /* RecipeCell.swift */,
				0956579D2D39323F0006F73B /* RecipeCollectionViewCell.swift */,
			);
			path = Cell;
			sourceTree = "<group>";
		};
		096F81CC2D32ADB600D50F49 /* Calorie */ = {
			isa = PBXGroup;
			children = (
				096F81CD2D32ADFC00D50F49 /* CalorieView.swift */,
				096F81CF2D32AE1000D50F49 /* CalorieViewController.swift */,
			);
			path = Calorie;
			sourceTree = "<group>";
		};
		096F81D12D38DBDB00D50F49 /* YouTube */ = {
			isa = PBXGroup;
			children = (
				095657AA2D395F650006F73B /* Cell */,
				0956579F2D3957AF0006F73B /* YouTubeView.swift */,
				095657A12D3957BE0006F73B /* YouTubeViewController.swift */,
			);
			path = YouTube;
			sourceTree = "<group>";
		};
		0984CC7F2D23387B006F7957 /* Json */ = {
			isa = PBXGroup;
			children = (
				095657A32D395D100006F73B /* youTubeVideo.json */,
				096F81CA2D329F2300D50F49 /* dietRecipe.json */,
			);
			path = Json;
			sourceTree = "<group>";
		};
		09CE04BC2D239EDC0056B1CB /* Recipe */ = {
			isa = PBXGroup;
			children = (
				0930AAA22D239A2100CEABB4 /* RecipeViewModel.swift */,
				097425E02D23C2C4000C998A /* Recipe.swift */,
			);
			path = Recipe;
			sourceTree = "<group>";
		};
		09DC5D132D24674000B54A04 /* Base */ = {
			isa = PBXGroup;
			children = (
				095B5E232D22838900FCEF62 /* BaseView.swift */,
				0984CC772D232236006F7957 /* BaseViewController.swift */,
			);
			path = Base;
			sourceTree = "<group>";
		};
		09F3C4F22D225A1F002D532F = {
			isa = PBXGroup;
			children = (
				09F3C4FD2D225A1F002D532F /* Di-Eat */,
				09F3C5142D225A21002D532F /* Di-EatTests */,
				09F3C51E2D225A21002D532F /* Di-EatUITests */,
				09F3C4FC2D225A1F002D532F /* Products */,
			);
			sourceTree = "<group>";
		};
		09F3C4FC2D225A1F002D532F /* Products */ = {
			isa = PBXGroup;
			children = (
				09F3C4FB2D225A1F002D532F /* Di-Eat.app */,
				09F3C5112D225A21002D532F /* Di-EatTests.xctest */,
				09F3C51B2D225A21002D532F /* Di-EatUITests.xctest */,
			);
			name = Products;
			sourceTree = "<group>";
		};
		09F3C4FD2D225A1F002D532F /* Di-Eat */ = {
			isa = PBXGroup;
			children = (
				095B5E112D22823000FCEF62 /* Extensions */,
				095B5E102D2281F800FCEF62 /* API+Repository */,
				095B5E0F2D2281F500FCEF62 /* Model */,
				095B5E0E2D2281F200FCEF62 /* Sence */,
				095B5E0D2D2281EF00FCEF62 /* UIComponents */,
				09F3C5072D225A20002D532F /* Assets.xcassets */,
				09F3C5092D225A20002D532F /* LaunchScreen.storyboard */,
				09F3C50C2D225A20002D532F /* Info.plist */,
			);
			path = "Di-Eat";
			sourceTree = "<group>";
		};
		09F3C5142D225A21002D532F /* Di-EatTests */ = {
			isa = PBXGroup;
			children = (
				09F3C5152D225A21002D532F /* Di_EatTests.swift */,
			);
			path = "Di-EatTests";
			sourceTree = "<group>";
		};
		09F3C51E2D225A21002D532F /* Di-EatUITests */ = {
			isa = PBXGroup;
			children = (
				09F3C51F2D225A21002D532F /* Di_EatUITests.swift */,
				09F3C5212D225A21002D532F /* Di_EatUITestsLaunchTests.swift */,
			);
			path = "Di-EatUITests";
			sourceTree = "<group>";
		};
/* End PBXGroup section */

/* Begin PBXNativeTarget section */
		09F3C4FA2D225A1F002D532F /* Di-Eat */ = {
			isa = PBXNativeTarget;
			buildConfigurationList = 09F3C5252D225A21002D532F /* Build configuration list for PBXNativeTarget "Di-Eat" */;
			buildPhases = (
				09F3C4F72D225A1F002D532F /* Sources */,
				09F3C4F82D225A1F002D532F /* Frameworks */,
				09F3C4F92D225A1F002D532F /* Resources */,
			);
			buildRules = (
			);
			dependencies = (
			);
			name = "Di-Eat";
			packageProductDependencies = (
				095B5E282D2283FE00FCEF62 /* SnapKit */,
				095B5E312D22B28000FCEF62 /* DGCharts */,
				096F81D52D38DEB500D50F49 /* Kingfisher */,
			);
			productName = DELIGHT_iOS;
			productReference = 09F3C4FB2D225A1F002D532F /* Di-Eat.app */;
			productType = "com.apple.product-type.application";
		};
		09F3C5102D225A21002D532F /* Di-EatTests */ = {
			isa = PBXNativeTarget;
			buildConfigurationList = 09F3C5282D225A21002D532F /* Build configuration list for PBXNativeTarget "Di-EatTests" */;
			buildPhases = (
				09F3C50D2D225A21002D532F /* Sources */,
				09F3C50E2D225A21002D532F /* Frameworks */,
				09F3C50F2D225A21002D532F /* Resources */,
			);
			buildRules = (
			);
			dependencies = (
				09F3C5132D225A21002D532F /* PBXTargetDependency */,
			);
			name = "Di-EatTests";
			packageProductDependencies = (
				097425F62D23DC54000C998A /* DGCharts */,
			);
			productName = DELIGHT_iOSTests;
			productReference = 09F3C5112D225A21002D532F /* Di-EatTests.xctest */;
			productType = "com.apple.product-type.bundle.unit-test";
		};
		09F3C51A2D225A21002D532F /* Di-EatUITests */ = {
			isa = PBXNativeTarget;
			buildConfigurationList = 09F3C52B2D225A21002D532F /* Build configuration list for PBXNativeTarget "Di-EatUITests" */;
			buildPhases = (
				09F3C5172D225A21002D532F /* Sources */,
				09F3C5182D225A21002D532F /* Frameworks */,
				09F3C5192D225A21002D532F /* Resources */,
			);
			buildRules = (
			);
			dependencies = (
				09F3C51D2D225A21002D532F /* PBXTargetDependency */,
			);
			name = "Di-EatUITests";
			productName = DELIGHT_iOSUITests;
			productReference = 09F3C51B2D225A21002D532F /* Di-EatUITests.xctest */;
			productType = "com.apple.product-type.bundle.ui-testing";
		};
/* End PBXNativeTarget section */

/* Begin PBXProject section */
		09F3C4F32D225A1F002D532F /* Project object */ = {
			isa = PBXProject;
			attributes = {
				BuildIndependentTargetsInParallel = 1;
				LastSwiftUpdateCheck = 1540;
				LastUpgradeCheck = 1540;
				TargetAttributes = {
					09F3C4FA2D225A1F002D532F = {
						CreatedOnToolsVersion = 15.4;
					};
					09F3C5102D225A21002D532F = {
						CreatedOnToolsVersion = 15.4;
						TestTargetID = 09F3C4FA2D225A1F002D532F;
					};
					09F3C51A2D225A21002D532F = {
						CreatedOnToolsVersion = 15.4;
						TestTargetID = 09F3C4FA2D225A1F002D532F;
					};
				};
			};
			buildConfigurationList = 09F3C4F62D225A1F002D532F /* Build configuration list for PBXProject "Di-Eat" */;
			compatibilityVersion = "Xcode 14.0";
			developmentRegion = en;
			hasScannedForEncodings = 0;
			knownRegions = (
				en,
				Base,
			);
			mainGroup = 09F3C4F22D225A1F002D532F;
			packageReferences = (
				095B5E272D2283FE00FCEF62 /* XCRemoteSwiftPackageReference "SnapKit" */,
				095B5E302D22B28000FCEF62 /* XCRemoteSwiftPackageReference "Charts" */,
				096F81D42D38DD6E00D50F49 /* XCRemoteSwiftPackageReference "Kingfisher" */,
			);
			productRefGroup = 09F3C4FC2D225A1F002D532F /* Products */;
			projectDirPath = "";
			projectRoot = "";
			targets = (
				09F3C4FA2D225A1F002D532F /* Di-Eat */,
				09F3C5102D225A21002D532F /* Di-EatTests */,
				09F3C51A2D225A21002D532F /* Di-EatUITests */,
			);
		};
/* End PBXProject section */

/* Begin PBXResourcesBuildPhase section */
		09F3C4F92D225A1F002D532F /* Resources */ = {
			isa = PBXResourcesBuildPhase;
			buildActionMask = 2147483647;
			files = (
				096F81CB2D329F2300D50F49 /* dietRecipe.json in Resources */,
				095657A42D395D100006F73B /* youTubeVideo.json in Resources */,
				095B5E152D22825F00FCEF62 /* Poppins-Medium.ttf in Resources */,
				09EDE0FB2D22CCB400AD7149 /* Poppins-Bold.ttf in Resources */,
				09F3C5082D225A20002D532F /* Assets.xcassets in Resources */,
				09F3C50B2D225A20002D532F /* Base in Resources */,
				095B5E162D22825F00FCEF62 /* Poppins-Light.ttf in Resources */,
				095B5E182D22827900FCEF62 /* Poppins-Regular.ttf in Resources */,
			);
			runOnlyForDeploymentPostprocessing = 0;
		};
		09F3C50F2D225A21002D532F /* Resources */ = {
			isa = PBXResourcesBuildPhase;
			buildActionMask = 2147483647;
			files = (
			);
			runOnlyForDeploymentPostprocessing = 0;
		};
		09F3C5192D225A21002D532F /* Resources */ = {
			isa = PBXResourcesBuildPhase;
			buildActionMask = 2147483647;
			files = (
			);
			runOnlyForDeploymentPostprocessing = 0;
		};
/* End PBXResourcesBuildPhase section */

/* Begin PBXSourcesBuildPhase section */
		09F3C4F72D225A1F002D532F /* Sources */ = {
			isa = PBXSourcesBuildPhase;
			buildActionMask = 2147483647;
			files = (
				095657A92D395D690006F73B /* YouTubeVideo.swift in Sources */,
				097425E12D23C2C4000C998A /* Recipe.swift in Sources */,
				09F3C5032D225A1F002D532F /* RecipeViewController.swift in Sources */,
				095B5E352D22BEC900FCEF62 /* RecipeCell.swift in Sources */,
				095B5E2F2D22A8ED00FCEF62 /* DiEatSwitchButton.swift in Sources */,
				095B5E202D2282FD00FCEF62 /* DiEatTabBar.swift in Sources */,
				096F81CE2D32ADFC00D50F49 /* CalorieView.swift in Sources */,
				09F3C4FF2D225A1F002D532F /* AppDelegate.swift in Sources */,
				097425DF2D23BF16000C998A /* Extension+Date.swift in Sources */,
				0984CC782D232236006F7957 /* BaseViewController.swift in Sources */,
				0930AAA32D239A2100CEABB4 /* RecipeViewModel.swift in Sources */,
				09EDE0FD2D22D09900AD7149 /* Extension+UIButton.swift in Sources */,
				096ED8122D2339A400D5C8B8 /* DietRecipeRepository.swift in Sources */,
				095B5E1E2D2282E000FCEF62 /* Extension+UIFont.swift in Sources */,
				097425F92D243093000C998A /* Extension+Array.swift in Sources */,
				09B48D662D22D97900A12C72 /* Extension+UIControl.swift in Sources */,
				095B5E242D22838900FCEF62 /* BaseView.swift in Sources */,
				095657AC2D395F7A0006F73B /* YouTubeCell.swift in Sources */,
				095B5E262D2283D000FCEF62 /* RecipeView.swift in Sources */,
				095657A22D3957BE0006F73B /* YouTubeViewController.swift in Sources */,
				0956579E2D39323F0006F73B /* RecipeCollectionViewCell.swift in Sources */,
				09DC5D122D245C1000B54A04 /* DelightToastView.swift in Sources */,
				095B5E1D2D2282E000FCEF62 /* Extension+UIColor.swift in Sources */,
				095657A02D3957AF0006F73B /* YouTubeView.swift in Sources */,
				095B5E2D2D22A6AA00FCEF62 /* DiEatChartView.swift in Sources */,
				096F81D02D32AE1000D50F49 /* CalorieViewController.swift in Sources */,
				095657A72D395D630006F73B /* YoutubeViewModel.swift in Sources */,
				095B5E222D22836F00FCEF62 /* DiEatTabBarController.swift in Sources */,
			);
			runOnlyForDeploymentPostprocessing = 0;
		};
		09F3C50D2D225A21002D532F /* Sources */ = {
			isa = PBXSourcesBuildPhase;
			buildActionMask = 2147483647;
			files = (
				09F3C5162D225A21002D532F /* Di_EatTests.swift in Sources */,
			);
			runOnlyForDeploymentPostprocessing = 0;
		};
		09F3C5172D225A21002D532F /* Sources */ = {
			isa = PBXSourcesBuildPhase;
			buildActionMask = 2147483647;
			files = (
				09F3C5222D225A21002D532F /* Di_EatUITestsLaunchTests.swift in Sources */,
				09F3C5202D225A21002D532F /* Di_EatUITests.swift in Sources */,
			);
			runOnlyForDeploymentPostprocessing = 0;
		};
/* End PBXSourcesBuildPhase section */

/* Begin PBXTargetDependency section */
		09F3C5132D225A21002D532F /* PBXTargetDependency */ = {
			isa = PBXTargetDependency;
			target = 09F3C4FA2D225A1F002D532F /* Di-Eat */;
			targetProxy = 09F3C5122D225A21002D532F /* PBXContainerItemProxy */;
		};
		09F3C51D2D225A21002D532F /* PBXTargetDependency */ = {
			isa = PBXTargetDependency;
			target = 09F3C4FA2D225A1F002D532F /* Di-Eat */;
			targetProxy = 09F3C51C2D225A21002D532F /* PBXContainerItemProxy */;
		};
/* End PBXTargetDependency section */

/* Begin PBXVariantGroup section */
		09F3C5092D225A20002D532F /* LaunchScreen.storyboard */ = {
			isa = PBXVariantGroup;
			children = (
				09F3C50A2D225A20002D532F /* Base */,
			);
			name = LaunchScreen.storyboard;
			sourceTree = "<group>";
		};
/* End PBXVariantGroup section */

/* Begin XCBuildConfiguration section */
		09F3C5232D225A21002D532F /* Debug */ = {
			isa = XCBuildConfiguration;
			buildSettings = {
				ALWAYS_SEARCH_USER_PATHS = NO;
				ASSETCATALOG_COMPILER_GENERATE_SWIFT_ASSET_SYMBOL_EXTENSIONS = YES;
				CLANG_ANALYZER_NONNULL = YES;
				CLANG_ANALYZER_NUMBER_OBJECT_CONVERSION = YES_AGGRESSIVE;
				CLANG_CXX_LANGUAGE_STANDARD = "gnu++20";
				CLANG_ENABLE_MODULES = YES;
				CLANG_ENABLE_OBJC_ARC = YES;
				CLANG_ENABLE_OBJC_WEAK = YES;
				CLANG_WARN_BLOCK_CAPTURE_AUTORELEASING = YES;
				CLANG_WARN_BOOL_CONVERSION = YES;
				CLANG_WARN_COMMA = YES;
				CLANG_WARN_CONSTANT_CONVERSION = YES;
				CLANG_WARN_DEPRECATED_OBJC_IMPLEMENTATIONS = YES;
				CLANG_WARN_DIRECT_OBJC_ISA_USAGE = YES_ERROR;
				CLANG_WARN_DOCUMENTATION_COMMENTS = YES;
				CLANG_WARN_EMPTY_BODY = YES;
				CLANG_WARN_ENUM_CONVERSION = YES;
				CLANG_WARN_INFINITE_RECURSION = YES;
				CLANG_WARN_INT_CONVERSION = YES;
				CLANG_WARN_NON_LITERAL_NULL_CONVERSION = YES;
				CLANG_WARN_OBJC_IMPLICIT_RETAIN_SELF = YES;
				CLANG_WARN_OBJC_LITERAL_CONVERSION = YES;
				CLANG_WARN_OBJC_ROOT_CLASS = YES_ERROR;
				CLANG_WARN_QUOTED_INCLUDE_IN_FRAMEWORK_HEADER = YES;
				CLANG_WARN_RANGE_LOOP_ANALYSIS = YES;
				CLANG_WARN_STRICT_PROTOTYPES = YES;
				CLANG_WARN_SUSPICIOUS_MOVE = YES;
				CLANG_WARN_UNGUARDED_AVAILABILITY = YES_AGGRESSIVE;
				CLANG_WARN_UNREACHABLE_CODE = YES;
				CLANG_WARN__DUPLICATE_METHOD_MATCH = YES;
				COPY_PHASE_STRIP = NO;
				DEBUG_INFORMATION_FORMAT = dwarf;
				ENABLE_STRICT_OBJC_MSGSEND = YES;
				ENABLE_TESTABILITY = YES;
				ENABLE_USER_SCRIPT_SANDBOXING = YES;
				GCC_C_LANGUAGE_STANDARD = gnu17;
				GCC_DYNAMIC_NO_PIC = NO;
				GCC_NO_COMMON_BLOCKS = YES;
				GCC_OPTIMIZATION_LEVEL = 0;
				GCC_PREPROCESSOR_DEFINITIONS = (
					"DEBUG=1",
					"$(inherited)",
				);
				GCC_WARN_64_TO_32_BIT_CONVERSION = YES;
				GCC_WARN_ABOUT_RETURN_TYPE = YES_ERROR;
				GCC_WARN_UNDECLARED_SELECTOR = YES;
				GCC_WARN_UNINITIALIZED_AUTOS = YES_AGGRESSIVE;
				GCC_WARN_UNUSED_FUNCTION = YES;
				GCC_WARN_UNUSED_VARIABLE = YES;
				IPHONEOS_DEPLOYMENT_TARGET = 16;
				LOCALIZATION_PREFERS_STRING_CATALOGS = YES;
				MTL_ENABLE_DEBUG_INFO = INCLUDE_SOURCE;
				MTL_FAST_MATH = YES;
				ONLY_ACTIVE_ARCH = YES;
				SDKROOT = iphoneos;
				SWIFT_ACTIVE_COMPILATION_CONDITIONS = "DEBUG $(inherited)";
				SWIFT_OPTIMIZATION_LEVEL = "-Onone";
			};
			name = Debug;
		};
		09F3C5242D225A21002D532F /* Release */ = {
			isa = XCBuildConfiguration;
			buildSettings = {
				ALWAYS_SEARCH_USER_PATHS = NO;
				ASSETCATALOG_COMPILER_GENERATE_SWIFT_ASSET_SYMBOL_EXTENSIONS = YES;
				CLANG_ANALYZER_NONNULL = YES;
				CLANG_ANALYZER_NUMBER_OBJECT_CONVERSION = YES_AGGRESSIVE;
				CLANG_CXX_LANGUAGE_STANDARD = "gnu++20";
				CLANG_ENABLE_MODULES = YES;
				CLANG_ENABLE_OBJC_ARC = YES;
				CLANG_ENABLE_OBJC_WEAK = YES;
				CLANG_WARN_BLOCK_CAPTURE_AUTORELEASING = YES;
				CLANG_WARN_BOOL_CONVERSION = YES;
				CLANG_WARN_COMMA = YES;
				CLANG_WARN_CONSTANT_CONVERSION = YES;
				CLANG_WARN_DEPRECATED_OBJC_IMPLEMENTATIONS = YES;
				CLANG_WARN_DIRECT_OBJC_ISA_USAGE = YES_ERROR;
				CLANG_WARN_DOCUMENTATION_COMMENTS = YES;
				CLANG_WARN_EMPTY_BODY = YES;
				CLANG_WARN_ENUM_CONVERSION = YES;
				CLANG_WARN_INFINITE_RECURSION = YES;
				CLANG_WARN_INT_CONVERSION = YES;
				CLANG_WARN_NON_LITERAL_NULL_CONVERSION = YES;
				CLANG_WARN_OBJC_IMPLICIT_RETAIN_SELF = YES;
				CLANG_WARN_OBJC_LITERAL_CONVERSION = YES;
				CLANG_WARN_OBJC_ROOT_CLASS = YES_ERROR;
				CLANG_WARN_QUOTED_INCLUDE_IN_FRAMEWORK_HEADER = YES;
				CLANG_WARN_RANGE_LOOP_ANALYSIS = YES;
				CLANG_WARN_STRICT_PROTOTYPES = YES;
				CLANG_WARN_SUSPICIOUS_MOVE = YES;
				CLANG_WARN_UNGUARDED_AVAILABILITY = YES_AGGRESSIVE;
				CLANG_WARN_UNREACHABLE_CODE = YES;
				CLANG_WARN__DUPLICATE_METHOD_MATCH = YES;
				COPY_PHASE_STRIP = NO;
				DEBUG_INFORMATION_FORMAT = "dwarf-with-dsym";
				ENABLE_NS_ASSERTIONS = NO;
				ENABLE_STRICT_OBJC_MSGSEND = YES;
				ENABLE_USER_SCRIPT_SANDBOXING = YES;
				GCC_C_LANGUAGE_STANDARD = gnu17;
				GCC_NO_COMMON_BLOCKS = YES;
				GCC_WARN_64_TO_32_BIT_CONVERSION = YES;
				GCC_WARN_ABOUT_RETURN_TYPE = YES_ERROR;
				GCC_WARN_UNDECLARED_SELECTOR = YES;
				GCC_WARN_UNINITIALIZED_AUTOS = YES_AGGRESSIVE;
				GCC_WARN_UNUSED_FUNCTION = YES;
				GCC_WARN_UNUSED_VARIABLE = YES;
				IPHONEOS_DEPLOYMENT_TARGET = 16;
				LOCALIZATION_PREFERS_STRING_CATALOGS = YES;
				MTL_ENABLE_DEBUG_INFO = NO;
				MTL_FAST_MATH = YES;
				SDKROOT = iphoneos;
				SWIFT_COMPILATION_MODE = wholemodule;
				VALIDATE_PRODUCT = YES;
			};
			name = Release;
		};
		09F3C5262D225A21002D532F /* Debug */ = {
			isa = XCBuildConfiguration;
			buildSettings = {
				ASSETCATALOG_COMPILER_APPICON_NAME = AppIcon;
				ASSETCATALOG_COMPILER_GLOBAL_ACCENT_COLOR_NAME = AccentColor;
				CODE_SIGN_STYLE = Automatic;
				CURRENT_PROJECT_VERSION = 1;
				DEVELOPMENT_TEAM = 74HVCP3R5F;
				GENERATE_INFOPLIST_FILE = YES;
				INFOPLIST_FILE = "Di-Eat/Info.plist";
				INFOPLIST_KEY_UIApplicationSupportsIndirectInputEvents = YES;
				INFOPLIST_KEY_UILaunchStoryboardName = LaunchScreen;
				INFOPLIST_KEY_UISupportedInterfaceOrientations_iPad = "UIInterfaceOrientationPortrait UIInterfaceOrientationPortraitUpsideDown UIInterfaceOrientationLandscapeLeft UIInterfaceOrientationLandscapeRight";
				INFOPLIST_KEY_UISupportedInterfaceOrientations_iPhone = "UIInterfaceOrientationPortrait UIInterfaceOrientationLandscapeLeft UIInterfaceOrientationLandscapeRight";
				LD_RUNPATH_SEARCH_PATHS = (
					"$(inherited)",
					"@executable_path/Frameworks",
				);
				MARKETING_VERSION = 1.0;
				PRODUCT_BUNDLE_IDENTIFIER = "com.dev.Di-Eat";
				PRODUCT_NAME = "$(TARGET_NAME)";
				SWIFT_EMIT_LOC_STRINGS = YES;
				SWIFT_VERSION = 5.0;
				TARGETED_DEVICE_FAMILY = "1,2";
			};
			name = Debug;
		};
		09F3C5272D225A21002D532F /* Release */ = {
			isa = XCBuildConfiguration;
			buildSettings = {
				ASSETCATALOG_COMPILER_APPICON_NAME = AppIcon;
				ASSETCATALOG_COMPILER_GLOBAL_ACCENT_COLOR_NAME = AccentColor;
				CODE_SIGN_STYLE = Automatic;
				CURRENT_PROJECT_VERSION = 1;
				DEVELOPMENT_TEAM = 74HVCP3R5F;
				GENERATE_INFOPLIST_FILE = YES;
				INFOPLIST_FILE = "Di-Eat/Info.plist";
				INFOPLIST_KEY_UIApplicationSupportsIndirectInputEvents = YES;
				INFOPLIST_KEY_UILaunchStoryboardName = LaunchScreen;
				INFOPLIST_KEY_UISupportedInterfaceOrientations_iPad = "UIInterfaceOrientationPortrait UIInterfaceOrientationPortraitUpsideDown UIInterfaceOrientationLandscapeLeft UIInterfaceOrientationLandscapeRight";
				INFOPLIST_KEY_UISupportedInterfaceOrientations_iPhone = "UIInterfaceOrientationPortrait UIInterfaceOrientationLandscapeLeft UIInterfaceOrientationLandscapeRight";
				LD_RUNPATH_SEARCH_PATHS = (
					"$(inherited)",
					"@executable_path/Frameworks",
				);
				MARKETING_VERSION = 1.0;
				PRODUCT_BUNDLE_IDENTIFIER = "com.dev.Di-Eat";
				PRODUCT_NAME = "$(TARGET_NAME)";
				SWIFT_EMIT_LOC_STRINGS = YES;
				SWIFT_VERSION = 5.0;
				TARGETED_DEVICE_FAMILY = "1,2";
			};
			name = Release;
		};
		09F3C5292D225A21002D532F /* Debug */ = {
			isa = XCBuildConfiguration;
			buildSettings = {
				ALWAYS_EMBED_SWIFT_STANDARD_LIBRARIES = YES;
				BUNDLE_LOADER = "$(TEST_HOST)";
				CODE_SIGN_STYLE = Automatic;
				CURRENT_PROJECT_VERSION = 1;
				DEVELOPMENT_TEAM = 74HVCP3R5F;
				GENERATE_INFOPLIST_FILE = YES;
				IPHONEOS_DEPLOYMENT_TARGET = 17.5;
				MARKETING_VERSION = 1.0;
				PRODUCT_BUNDLE_IDENTIFIER = "com.dev.DELIGHT-iOSTests";
				PRODUCT_NAME = "$(TARGET_NAME)";
				SWIFT_EMIT_LOC_STRINGS = NO;
				SWIFT_VERSION = 5.0;
				TARGETED_DEVICE_FAMILY = "1,2";
				TEST_HOST = "$(BUILT_PRODUCTS_DIR)/Di-Eat.app/$(BUNDLE_EXECUTABLE_FOLDER_PATH)/Di-Eat";
			};
			name = Debug;
		};
		09F3C52A2D225A21002D532F /* Release */ = {
			isa = XCBuildConfiguration;
			buildSettings = {
				ALWAYS_EMBED_SWIFT_STANDARD_LIBRARIES = YES;
				BUNDLE_LOADER = "$(TEST_HOST)";
				CODE_SIGN_STYLE = Automatic;
				CURRENT_PROJECT_VERSION = 1;
				DEVELOPMENT_TEAM = 74HVCP3R5F;
				GENERATE_INFOPLIST_FILE = YES;
				IPHONEOS_DEPLOYMENT_TARGET = 17.5;
				MARKETING_VERSION = 1.0;
				PRODUCT_BUNDLE_IDENTIFIER = "com.dev.DELIGHT-iOSTests";
				PRODUCT_NAME = "$(TARGET_NAME)";
				SWIFT_EMIT_LOC_STRINGS = NO;
				SWIFT_VERSION = 5.0;
				TARGETED_DEVICE_FAMILY = "1,2";
				TEST_HOST = "$(BUILT_PRODUCTS_DIR)/Di-Eat.app/$(BUNDLE_EXECUTABLE_FOLDER_PATH)/Di-Eat";
			};
			name = Release;
		};
		09F3C52C2D225A21002D532F /* Debug */ = {
			isa = XCBuildConfiguration;
			buildSettings = {
				ALWAYS_EMBED_SWIFT_STANDARD_LIBRARIES = YES;
				CODE_SIGN_STYLE = Automatic;
				CURRENT_PROJECT_VERSION = 1;
				DEVELOPMENT_TEAM = 74HVCP3R5F;
				GENERATE_INFOPLIST_FILE = YES;
				MARKETING_VERSION = 1.0;
				PRODUCT_BUNDLE_IDENTIFIER = "com.dev.DELIGHT-iOSUITests";
				PRODUCT_NAME = "$(TARGET_NAME)";
				SWIFT_EMIT_LOC_STRINGS = NO;
				SWIFT_VERSION = 5.0;
				TARGETED_DEVICE_FAMILY = "1,2";
				TEST_TARGET_NAME = DELIGHT_iOS;
			};
			name = Debug;
		};
		09F3C52D2D225A21002D532F /* Release */ = {
			isa = XCBuildConfiguration;
			buildSettings = {
				ALWAYS_EMBED_SWIFT_STANDARD_LIBRARIES = YES;
				CODE_SIGN_STYLE = Automatic;
				CURRENT_PROJECT_VERSION = 1;
				DEVELOPMENT_TEAM = 74HVCP3R5F;
				GENERATE_INFOPLIST_FILE = YES;
				MARKETING_VERSION = 1.0;
				PRODUCT_BUNDLE_IDENTIFIER = "com.dev.DELIGHT-iOSUITests";
				PRODUCT_NAME = "$(TARGET_NAME)";
				SWIFT_EMIT_LOC_STRINGS = NO;
				SWIFT_VERSION = 5.0;
				TARGETED_DEVICE_FAMILY = "1,2";
				TEST_TARGET_NAME = DELIGHT_iOS;
			};
			name = Release;
		};
/* End XCBuildConfiguration section */

/* Begin XCConfigurationList section */
		09F3C4F62D225A1F002D532F /* Build configuration list for PBXProject "Di-Eat" */ = {
			isa = XCConfigurationList;
			buildConfigurations = (
				09F3C5232D225A21002D532F /* Debug */,
				09F3C5242D225A21002D532F /* Release */,
			);
			defaultConfigurationIsVisible = 0;
			defaultConfigurationName = Release;
		};
		09F3C5252D225A21002D532F /* Build configuration list for PBXNativeTarget "Di-Eat" */ = {
			isa = XCConfigurationList;
			buildConfigurations = (
				09F3C5262D225A21002D532F /* Debug */,
				09F3C5272D225A21002D532F /* Release */,
			);
			defaultConfigurationIsVisible = 0;
			defaultConfigurationName = Release;
		};
		09F3C5282D225A21002D532F /* Build configuration list for PBXNativeTarget "Di-EatTests" */ = {
			isa = XCConfigurationList;
			buildConfigurations = (
				09F3C5292D225A21002D532F /* Debug */,
				09F3C52A2D225A21002D532F /* Release */,
			);
			defaultConfigurationIsVisible = 0;
			defaultConfigurationName = Release;
		};
		09F3C52B2D225A21002D532F /* Build configuration list for PBXNativeTarget "Di-EatUITests" */ = {
			isa = XCConfigurationList;
			buildConfigurations = (
				09F3C52C2D225A21002D532F /* Debug */,
				09F3C52D2D225A21002D532F /* Release */,
			);
			defaultConfigurationIsVisible = 0;
			defaultConfigurationName = Release;
		};
/* End XCConfigurationList section */

/* Begin XCRemoteSwiftPackageReference section */
		095B5E272D2283FE00FCEF62 /* XCRemoteSwiftPackageReference "SnapKit" */ = {
			isa = XCRemoteSwiftPackageReference;
			repositoryURL = "https://github.com/SnapKit/SnapKit.git";
			requirement = {
				kind = upToNextMajorVersion;
				minimumVersion = 5.7.1;
			};
		};
		095B5E302D22B28000FCEF62 /* XCRemoteSwiftPackageReference "Charts" */ = {
			isa = XCRemoteSwiftPackageReference;
			repositoryURL = "https://github.com/danielgindi/Charts";
			requirement = {
				kind = upToNextMajorVersion;
				minimumVersion = 5.1.0;
			};
		};
		096F81D42D38DD6E00D50F49 /* XCRemoteSwiftPackageReference "Kingfisher" */ = {
			isa = XCRemoteSwiftPackageReference;
			repositoryURL = "https://github.com/onevcat/Kingfisher.git";
			requirement = {
				kind = upToNextMajorVersion;
				minimumVersion = 8.1.3;
			};
		};
/* End XCRemoteSwiftPackageReference section */

/* Begin XCSwiftPackageProductDependency section */
		095B5E282D2283FE00FCEF62 /* SnapKit */ = {
			isa = XCSwiftPackageProductDependency;
			package = 095B5E272D2283FE00FCEF62 /* XCRemoteSwiftPackageReference "SnapKit" */;
			productName = SnapKit;
		};
		095B5E312D22B28000FCEF62 /* DGCharts */ = {
			isa = XCSwiftPackageProductDependency;
			package = 095B5E302D22B28000FCEF62 /* XCRemoteSwiftPackageReference "Charts" */;
			productName = DGCharts;
		};
		096F81D52D38DEB500D50F49 /* Kingfisher */ = {
			isa = XCSwiftPackageProductDependency;
			package = 096F81D42D38DD6E00D50F49 /* XCRemoteSwiftPackageReference "Kingfisher" */;
			productName = Kingfisher;
		};
		097425F62D23DC54000C998A /* DGCharts */ = {
			isa = XCSwiftPackageProductDependency;
			package = 095B5E302D22B28000FCEF62 /* XCRemoteSwiftPackageReference "Charts" */;
			productName = DGCharts;
		};
/* End XCSwiftPackageProductDependency section */
	};
	rootObject = 09F3C4F32D225A1F002D532F /* Project object */;
}
